
Microsoft Visual Studio Solution File, Format Version 12.00
# Visual Studio Version 16
VisualStudioVersion = 16.0.34114.132
MinimumVisualStudioVersion = 10.0.40219.1
Project("{FAE04EC0-301F-11D3-BF4B-00C04F79EFBC}") = "Proiect Info 23.11.2023", "Proiect Info 23.11.2023\Proiect Info 23.11.2023.csproj", "{1E46D4D0-9D75-46BD-8E43-9516EED3A56E}"
EndProject
Global
	GlobalSection(SolutionConfigurationPlatforms) = preSolution
		Debug|Any CPU = Debug|Any CPU
		Release|Any CPU = Release|Any CPU
	EndGlobalSection
	GlobalSection(ProjectConfigurationPlatforms) = postSolution
		{1E46D4D0-9D75-46BD-8E43-9516EED3A56E}.Debug|Any CPU.ActiveCfg = Debug|Any CPU
		{1E46D4D0-9D75-46BD-8E43-9516EED3A56E}.Debug|Any CPU.Build.0 = Debug|Any CPU
		{1E46D4D0-9D75-46BD-8E43-9516EED3A56E}.Release|Any CPU.ActiveCfg = Release|Any CPU
		{1E46D4D0-9D75-46BD-8E43-9516EED3A56E}.Release|Any CPU.Build.0 = Release|Any CPU
	EndGlobalSection
	GlobalSection(SolutionProperties) = preSolution
		HideSolutionNode = FALSE
	EndGlobalSection
	GlobalSection(ExtensibilityGlobals) = postSolution
		SolutionGuid = {590C9D63-4EDF-4323-96DC-52C440C25C94}
	EndGlobalSection
EndGlobal
